
Microsoft Visual Studio Solution File, Format Version 12.00
# Visual Studio Version 16
VisualStudioVersion = 16.0.30611.23
MinimumVisualStudioVersion = 15.0.26124.0
Project("{FAE04EC0-301F-11D3-BF4B-00C04F79EFBC}") = "EMS.Objects", "Objects/EMS.Objects.csproj", "0b176cb7-f721-44d1-a793-c775b4fd640c"
EndProject
Project("{FAE04EC0-301F-11D3-BF4B-00C04F79EFBC}") = "EMS.Tests", "Tests/EMS.Tests.csproj", "eab121ca-97b5-49c1-8599-df72bfacb808"
EndProject
Project("{FAE04EC0-301F-11D3-BF4B-00C04F79EFBC}") = "EMS.ODataBackend", "ODataBackend/EMS.ODataBackend.csproj", "70823b7a-9d38-49bb-98c6-4d9d48dc9fc1"
EndProject
Project("{FAE04EC0-301F-11D3-BF4B-00C04F79EFBC}") = "EMS.IntegrationTests", "IntegrationTests/EMS.IntegrationTests.csproj", "5a26b476-8490-4ae7-9d5f-3e34ee90511f"
EndProject
Global
	GlobalSection(SolutionConfigurationPlatforms) = preSolution
Debug|Any CPU = Debug|Any CPU
Release|Any CPU = Release|Any CPU
	EndGlobalSection
	GlobalSection(ProjectConfigurationPlatforms) = postSolution
		0b176cb7-f721-44d1-a793-c775b4fd640c.Debug|Any CPU.ActiveCfg = Debug|Any CPU
		0b176cb7-f721-44d1-a793-c775b4fd640c.Debug|Any CPU.Build.0 = Debug|Any CPU
		0b176cb7-f721-44d1-a793-c775b4fd640c.Release|Any CPU.ActiveCfg = Release|Any CPU
		0b176cb7-f721-44d1-a793-c775b4fd640c.Release|Any CPU.Build.0 = Release|Any CPU
		eab121ca-97b5-49c1-8599-df72bfacb808.Debug|Any CPU.ActiveCfg = Debug|Any CPU
		eab121ca-97b5-49c1-8599-df72bfacb808.Debug|Any CPU.Build.0 = Debug|Any CPU
		eab121ca-97b5-49c1-8599-df72bfacb808.Release|Any CPU.ActiveCfg = Release|Any CPU
		eab121ca-97b5-49c1-8599-df72bfacb808.Release|Any CPU.Build.0 = Release|Any CPU
		70823b7a-9d38-49bb-98c6-4d9d48dc9fc1.Debug|Any CPU.ActiveCfg = Debug|Any CPU
		70823b7a-9d38-49bb-98c6-4d9d48dc9fc1.Debug|Any CPU.Build.0 = Debug|Any CPU
		70823b7a-9d38-49bb-98c6-4d9d48dc9fc1.Release|Any CPU.ActiveCfg = Release|Any CPU
		70823b7a-9d38-49bb-98c6-4d9d48dc9fc1.Release|Any CPU.Build.0 = Release|Any CPU
		5a26b476-8490-4ae7-9d5f-3e34ee90511f.Debug|Any CPU.ActiveCfg = Debug|Any CPU
		5a26b476-8490-4ae7-9d5f-3e34ee90511f.Debug|Any CPU.Build.0 = Debug|Any CPU
		5a26b476-8490-4ae7-9d5f-3e34ee90511f.Release|Any CPU.ActiveCfg = Release|Any CPU
		5a26b476-8490-4ae7-9d5f-3e34ee90511f.Release|Any CPU.Build.0 = Release|Any CPU
	EndGlobalSection
	GlobalSection(SolutionProperties) = preSolution
		HideSolutionNode = FALSE
	EndGlobalSection
EndGlobal
